
Microsoft Visual Studio Solution File, Format Version 12.00
# Visual Studio Version 16
VisualStudioVersion = 16.0.30717.126
MinimumVisualStudioVersion = 10.0.40219.1
Project("{FAE04EC0-301F-11D3-BF4B-00C04F79EFBC}") = "Progtech", "Progtech\Progtech.csproj", "{549D2DFE-F595-459C-AA2D-F1603E856B3C}"
EndProject
Project("{FAE04EC0-301F-11D3-BF4B-00C04F79EFBC}") = "FruitStorageTest", "FruitStorageTest\FruitStorageTest.csproj", "{4F1938C9-231A-44C4-9566-9AD9FE96E8BF}"
EndProject
Global
	GlobalSection(SolutionConfigurationPlatforms) = preSolution
		Debug|Any CPU = Debug|Any CPU
		Release|Any CPU = Release|Any CPU
	EndGlobalSection
	GlobalSection(ProjectConfigurationPlatforms) = postSolution
		{549D2DFE-F595-459C-AA2D-F1603E856B3C}.Debug|Any CPU.ActiveCfg = Debug|Any CPU
		{549D2DFE-F595-459C-AA2D-F1603E856B3C}.Debug|Any CPU.Build.0 = Debug|Any CPU
		{549D2DFE-F595-459C-AA2D-F1603E856B3C}.Release|Any CPU.ActiveCfg = Release|Any CPU
		{549D2DFE-F595-459C-AA2D-F1603E856B3C}.Release|Any CPU.Build.0 = Release|Any CPU
		{4F1938C9-231A-44C4-9566-9AD9FE96E8BF}.Debug|Any CPU.ActiveCfg = Debug|Any CPU
		{4F1938C9-231A-44C4-9566-9AD9FE96E8BF}.Debug|Any CPU.Build.0 = Debug|Any CPU
		{4F1938C9-231A-44C4-9566-9AD9FE96E8BF}.Release|Any CPU.ActiveCfg = Release|Any CPU
		{4F1938C9-231A-44C4-9566-9AD9FE96E8BF}.Release|Any CPU.Build.0 = Release|Any CPU
	EndGlobalSection
	GlobalSection(SolutionProperties) = preSolution
		HideSolutionNode = FALSE
	EndGlobalSection
	GlobalSection(ExtensibilityGlobals) = postSolution
		SolutionGuid = {2BF157DE-0DFD-46E4-A8F7-16ADAEBEE4B9}
	EndGlobalSection
EndGlobal
